
Microsoft Visual Studio Solution File, Format Version 12.00
# Visual Studio Version 16
VisualStudioVersion = 16.0.31410.357
MinimumVisualStudioVersion = 10.0.40219.1
Project("{FAE04EC0-301F-11D3-BF4B-00C04F79EFBC}") = "AbstractFactoryDesignPattern", "AbstractFactoryDesignPattern\AbstractFactoryDesignPattern.csproj", "{FAD85A0D-9625-4CF3-9FDF-7709C34EC74D}"
EndProject
Global
	GlobalSection(SolutionConfigurationPlatforms) = preSolution
		Debug|Any CPU = Debug|Any CPU
		Release|Any CPU = Release|Any CPU
	EndGlobalSection
	GlobalSection(ProjectConfigurationPlatforms) = postSolution
		{FAD85A0D-9625-4CF3-9FDF-7709C34EC74D}.Debug|Any CPU.ActiveCfg = Debug|Any CPU
		{FAD85A0D-9625-4CF3-9FDF-7709C34EC74D}.Debug|Any CPU.Build.0 = Debug|Any CPU
		{FAD85A0D-9625-4CF3-9FDF-7709C34EC74D}.Release|Any CPU.ActiveCfg = Release|Any CPU
		{FAD85A0D-9625-4CF3-9FDF-7709C34EC74D}.Release|Any CPU.Build.0 = Release|Any CPU
	EndGlobalSection
	GlobalSection(SolutionProperties) = preSolution
		HideSolutionNode = FALSE
	EndGlobalSection
	GlobalSection(ExtensibilityGlobals) = postSolution
		SolutionGuid = {715A4BEF-91B6-4C32-9A50-052F191713DA}
	EndGlobalSection
EndGlobal
