
Microsoft Visual Studio Solution File, Format Version 12.00
# Visual Studio Version 16
VisualStudioVersion = 16.0.30523.141
MinimumVisualStudioVersion = 10.0.40219.1
Project("{FAE04EC0-301F-11D3-BF4B-00C04F79EFBC}") = "Die TÜrme von Hanoi", "Die TÜrme von Hanoi\Die TÜrme von Hanoi.csproj", "{9368E648-A959-4E67-B21E-03375BBBB455}"
EndProject
Global
	GlobalSection(SolutionConfigurationPlatforms) = preSolution
		Debug|Any CPU = Debug|Any CPU
		Release|Any CPU = Release|Any CPU
	EndGlobalSection
	GlobalSection(ProjectConfigurationPlatforms) = postSolution
		{9368E648-A959-4E67-B21E-03375BBBB455}.Debug|Any CPU.ActiveCfg = Debug|Any CPU
		{9368E648-A959-4E67-B21E-03375BBBB455}.Debug|Any CPU.Build.0 = Debug|Any CPU
		{9368E648-A959-4E67-B21E-03375BBBB455}.Release|Any CPU.ActiveCfg = Release|Any CPU
		{9368E648-A959-4E67-B21E-03375BBBB455}.Release|Any CPU.Build.0 = Release|Any CPU
	EndGlobalSection
	GlobalSection(SolutionProperties) = preSolution
		HideSolutionNode = FALSE
	EndGlobalSection
	GlobalSection(ExtensibilityGlobals) = postSolution
		SolutionGuid = {2E03891A-9232-475A-9879-331595E0ECCD}
	EndGlobalSection
EndGlobal
