
Microsoft Visual Studio Solution File, Format Version 12.00
# Visual Studio Version 16
VisualStudioVersion = 16.0.30611.23
MinimumVisualStudioVersion = 10.0.40219.1
Project("{FAE04EC0-301F-11D3-BF4B-00C04F79EFBC}") = "Caesar", "Caesar\Caesar.csproj", "{EDE1CABC-6711-43C9-8E7A-B2AE515542BE}"
EndProject
Global
	GlobalSection(SolutionConfigurationPlatforms) = preSolution
		Debug|Any CPU = Debug|Any CPU
		Release|Any CPU = Release|Any CPU
	EndGlobalSection
	GlobalSection(ProjectConfigurationPlatforms) = postSolution
		{EDE1CABC-6711-43C9-8E7A-B2AE515542BE}.Debug|Any CPU.ActiveCfg = Debug|Any CPU
		{EDE1CABC-6711-43C9-8E7A-B2AE515542BE}.Debug|Any CPU.Build.0 = Debug|Any CPU
		{EDE1CABC-6711-43C9-8E7A-B2AE515542BE}.Release|Any CPU.ActiveCfg = Release|Any CPU
		{EDE1CABC-6711-43C9-8E7A-B2AE515542BE}.Release|Any CPU.Build.0 = Release|Any CPU
	EndGlobalSection
	GlobalSection(SolutionProperties) = preSolution
		HideSolutionNode = FALSE
	EndGlobalSection
	GlobalSection(ExtensibilityGlobals) = postSolution
		SolutionGuid = {52D92F4C-91A1-4A0F-9BFF-62D2764603C0}
	EndGlobalSection
EndGlobal
