
Microsoft Visual Studio Solution File, Format Version 12.00
# Visual Studio Version 16
VisualStudioVersion = 16.0.30523.141
MinimumVisualStudioVersion = 10.0.40219.1
Project("{FAE04EC0-301F-11D3-BF4B-00C04F79EFBC}") = "Skript3.3", "Skript3.3\Skript3.3.csproj", "{4B81EA3F-59AB-467D-934A-A0152B983D9C}"
EndProject
Global
	GlobalSection(SolutionConfigurationPlatforms) = preSolution
		Debug|Any CPU = Debug|Any CPU
		Release|Any CPU = Release|Any CPU
	EndGlobalSection
	GlobalSection(ProjectConfigurationPlatforms) = postSolution
		{4B81EA3F-59AB-467D-934A-A0152B983D9C}.Debug|Any CPU.ActiveCfg = Debug|Any CPU
		{4B81EA3F-59AB-467D-934A-A0152B983D9C}.Debug|Any CPU.Build.0 = Debug|Any CPU
		{4B81EA3F-59AB-467D-934A-A0152B983D9C}.Release|Any CPU.ActiveCfg = Release|Any CPU
		{4B81EA3F-59AB-467D-934A-A0152B983D9C}.Release|Any CPU.Build.0 = Release|Any CPU
	EndGlobalSection
	GlobalSection(SolutionProperties) = preSolution
		HideSolutionNode = FALSE
	EndGlobalSection
	GlobalSection(ExtensibilityGlobals) = postSolution
		SolutionGuid = {D2CF0E87-3DFA-4772-8EF1-D783E344B943}
	EndGlobalSection
EndGlobal
